// !$*UTF8*$!
{
	archiveVersion = 1;
	classes = {
	};
	objectVersion = 51;
	objects = {

/* Begin PBXBuildFile section */
		48098283229CC9DF0043797C /* 一.wav in Resources */ = {isa = PBXBuildFile; fileRef = 48098273229CC9DF0043797C /* 一.wav */; };
		48098284229CC9DF0043797C /* 七.wav in Resources */ = {isa = PBXBuildFile; fileRef = 48098274229CC9DF0043797C /* 七.wav */; };
		48098285229CC9DF0043797C /* 六.wav in Resources */ = {isa = PBXBuildFile; fileRef = 48098275229CC9DF0043797C /* 六.wav */; };
		48098286229CC9DF0043797C /* 八.wav in Resources */ = {isa = PBXBuildFile; fileRef = 48098276229CC9DF0043797C /* 八.wav */; };
		48098287229CC9DF0043797C /* 二.wav in Resources */ = {isa = PBXBuildFile; fileRef = 48098277229CC9DF0043797C /* 二.wav */; };
		48098288229CC9DF0043797C /* 十.wav in Resources */ = {isa = PBXBuildFile; fileRef = 48098278229CC9DF0043797C /* 十.wav */; };
		48098289229CC9DF0043797C /* 吉祥生活成功收款.wav in Resources */ = {isa = PBXBuildFile; fileRef = 48098279229CC9DF0043797C /* 吉祥生活成功收款.wav */; };
		4809828A229CC9DF0043797C /* 百.wav in Resources */ = {isa = PBXBuildFile; fileRef = 4809827A229CC9DF0043797C /* 百.wav */; };
		4809828B229CC9DF0043797C /* 五.wav in Resources */ = {isa = PBXBuildFile; fileRef = 4809827B229CC9DF0043797C /* 五.wav */; };
		4809828C229CC9DF0043797C /* 千.wav in Resources */ = {isa = PBXBuildFile; fileRef = 4809827C229CC9DF0043797C /* 千.wav */; };
		4809828D229CC9DF0043797C /* 点.wav in Resources */ = {isa = PBXBuildFile; fileRef = 4809827D229CC9DF0043797C /* 点.wav */; };
		4809828E229CC9DF0043797C /* 〇.wav in Resources */ = {isa = PBXBuildFile; fileRef = 4809827E229CC9DF0043797C /* 〇.wav */; };
		4809828F229CC9DF0043797C /* 三.wav in Resources */ = {isa = PBXBuildFile; fileRef = 4809827F229CC9DF0043797C /* 三.wav */; };
		48098290229CC9DF0043797C /* 四.wav in Resources */ = {isa = PBXBuildFile; fileRef = 48098280229CC9DF0043797C /* 四.wav */; };
		48098291229CC9DF0043797C /* 元.wav in Resources */ = {isa = PBXBuildFile; fileRef = 48098281229CC9DF0043797C /* 元.wav */; };
		48098292229CC9DF0043797C /* 九.wav in Resources */ = {isa = PBXBuildFile; fileRef = 48098282229CC9DF0043797C /* 九.wav */; };
		4811F2ED2387C52D007DDBEB /* MXBaseViewController.m in Sources */ = {isa = PBXBuildFile; fileRef = 4811F2E22387C52D007DDBEB /* MXBaseViewController.m */; };
		4811F2EE2387C52D007DDBEB /* MXBaseNavigationController.m in Sources */ = {isa = PBXBuildFile; fileRef = 4811F2E52387C52D007DDBEB /* MXBaseNavigationController.m */; };
		4811F2EF2387C52D007DDBEB /* MXBaseModel.m in Sources */ = {isa = PBXBuildFile; fileRef = 4811F2E82387C52D007DDBEB /* MXBaseModel.m */; };
		4811F2F02387C52D007DDBEB /* MXBaseView.m in Sources */ = {isa = PBXBuildFile; fileRef = 4811F2EB2387C52D007DDBEB /* MXBaseView.m */; };
		4811F3062387C6AA007DDBEB /* MXMsgCodeView.m in Sources */ = {isa = PBXBuildFile; fileRef = 4811F2F52387C6AA007DDBEB /* MXMsgCodeView.m */; };
		4811F3072387C6AA007DDBEB /* UIColor+Category.m in Sources */ = {isa = PBXBuildFile; fileRef = 4811F2F92387C6AA007DDBEB /* UIColor+Category.m */; };
		4811F3082387C6AA007DDBEB /* MXFormatterUtils.m in Sources */ = {isa = PBXBuildFile; fileRef = 4811F2FC2387C6AA007DDBEB /* MXFormatterUtils.m */; };
		4811F3092387C6AA007DDBEB /* MXMapUtils.m in Sources */ = {isa = PBXBuildFile; fileRef = 4811F2FF2387C6AA007DDBEB /* MXMapUtils.m */; };
		4811F30A2387C6AA007DDBEB /* MXFMDBManager.m in Sources */ = {isa = PBXBuildFile; fileRef = 4811F3022387C6AA007DDBEB /* MXFMDBManager.m */; };
		4811F30B2387C6AA007DDBEB /* MXBlockReviewViewController.m in Sources */ = {isa = PBXBuildFile; fileRef = 4811F3052387C6AA007DDBEB /* MXBlockReviewViewController.m */; };
		4811F3182387C6E3007DDBEB /* MXLoginViewController.m in Sources */ = {isa = PBXBuildFile; fileRef = 4811F30E2387C6E3007DDBEB /* MXLoginViewController.m */; };
		4811F3192387C6E3007DDBEB /* MXLoginModel.m in Sources */ = {isa = PBXBuildFile; fileRef = 4811F3122387C6E3007DDBEB /* MXLoginModel.m */; };
		4811F31A2387C6E3007DDBEB /* MXIdNoField.m in Sources */ = {isa = PBXBuildFile; fileRef = 4811F3152387C6E3007DDBEB /* MXIdNoField.m */; };
		4811F31B2387C6E3007DDBEB /* MXFinanceView.m in Sources */ = {isa = PBXBuildFile; fileRef = 4811F3172387C6E3007DDBEB /* MXFinanceView.m */; };
		4811F32F2387C706007DDBEB /* MXEmptyTableViewCell.m in Sources */ = {isa = PBXBuildFile; fileRef = 4811F3222387C706007DDBEB /* MXEmptyTableViewCell.m */; };
		4811F3302387C706007DDBEB /* MXUserTableViewCell.m in Sources */ = {isa = PBXBuildFile; fileRef = 4811F3232387C706007DDBEB /* MXUserTableViewCell.m */; };
		4811F3312387C706007DDBEB /* MXStaffTableViewCell.m in Sources */ = {isa = PBXBuildFile; fileRef = 4811F3242387C706007DDBEB /* MXStaffTableViewCell.m */; };
		4811F3322387C706007DDBEB /* MXChatInputTableViewCell.m in Sources */ = {isa = PBXBuildFile; fileRef = 4811F3252387C706007DDBEB /* MXChatInputTableViewCell.m */; };
		4811F3332387C706007DDBEB /* MXChatModel.m in Sources */ = {isa = PBXBuildFile; fileRef = 4811F3282387C706007DDBEB /* MXChatModel.m */; };
		4811F3342387C706007DDBEB /* MXChatTableViewController.m in Sources */ = {isa = PBXBuildFile; fileRef = 4811F32A2387C706007DDBEB /* MXChatTableViewController.m */; };
		4811F3352387C706007DDBEB /* MXChatInputView.m in Sources */ = {isa = PBXBuildFile; fileRef = 4811F32D2387C706007DDBEB /* MXChatInputView.m */; };
		481D3A0521C099D70031B456 /* AppDelegate.m in Sources */ = {isa = PBXBuildFile; fileRef = 481D3A0421C099D70031B456 /* AppDelegate.m */; };
		481D3A0821C099D70031B456 /* ViewController.m in Sources */ = {isa = PBXBuildFile; fileRef = 481D3A0721C099D70031B456 /* ViewController.m */; };
		481D3A0B21C099D70031B456 /* Main.storyboard in Resources */ = {isa = PBXBuildFile; fileRef = 481D3A0921C099D70031B456 /* Main.storyboard */; };
		481D3A0D21C099D80031B456 /* Assets.xcassets in Resources */ = {isa = PBXBuildFile; fileRef = 481D3A0C21C099D80031B456 /* Assets.xcassets */; };
		481D3A1021C099D80031B456 /* LaunchScreen.storyboard in Resources */ = {isa = PBXBuildFile; fileRef = 481D3A0E21C099D80031B456 /* LaunchScreen.storyboard */; };
		481D3A1321C099D80031B456 /* main.m in Sources */ = {isa = PBXBuildFile; fileRef = 481D3A1221C099D80031B456 /* main.m */; };
		481D3A4121C0F92C0031B456 /* Lanuch.storyboard in Resources */ = {isa = PBXBuildFile; fileRef = 481D3A4021C0F92C0031B456 /* Lanuch.storyboard */; };
		482254E324629A2100A1376E /* area3.txt in Resources */ = {isa = PBXBuildFile; fileRef = 482254E224629A2100A1376E /* area3.txt */; };
		482354CA228E9566008CF3A4 /* MXViewT.m in Sources */ = {isa = PBXBuildFile; fileRef = 482354C9228E9566008CF3A4 /* MXViewT.m */; };
		482354CD228E9F5F008CF3A4 /* MXTreeNode.m in Sources */ = {isa = PBXBuildFile; fileRef = 482354CC228E9F5F008CF3A4 /* MXTreeNode.m */; };
		483592FA229FB8E1000ABF62 /* MXDragonTigerViewController.m in Sources */ = {isa = PBXBuildFile; fileRef = 483592F9229FB8E1000ABF62 /* MXDragonTigerViewController.m */; };
		4853C3AC22D4882C00C473F0 /* MaxsFrameworkDemo.framework in Frameworks */ = {isa = PBXBuildFile; fileRef = 4853C3AB22D4882C00C473F0 /* MaxsFrameworkDemo.framework */; };
		4866741E245B441A00AC8483 /* JHAddressPicker.m in Sources */ = {isa = PBXBuildFile; fileRef = 48667416245B441A00AC8483 /* JHAddressPicker.m */; };
		4866741F245B441A00AC8483 /* JHAddressPickView.m in Sources */ = {isa = PBXBuildFile; fileRef = 48667418245B441A00AC8483 /* JHAddressPickView.m */; };
		48667420245B441A00AC8483 /* address.plist in Resources */ = {isa = PBXBuildFile; fileRef = 4866741A245B441A00AC8483 /* address.plist */; };
		48667421245B441A00AC8483 /* JHAddressToolBar.m in Sources */ = {isa = PBXBuildFile; fileRef = 4866741D245B441A00AC8483 /* JHAddressToolBar.m */; };
		48667424245B44F300AC8483 /* MXAddressPickViewController.m in Sources */ = {isa = PBXBuildFile; fileRef = 48667423245B44F300AC8483 /* MXAddressPickViewController.m */; };
		48667430245FFCD800AC8483 /* place.txt in Resources */ = {isa = PBXBuildFile; fileRef = 4866742F245FFCD800AC8483 /* place.txt */; };
		486674322460040E00AC8483 /* area2.txt in Resources */ = {isa = PBXBuildFile; fileRef = 486674312460040E00AC8483 /* area2.txt */; };
		489A3AAF246E66FD009895EB /* MXAddressPickView.m in Sources */ = {isa = PBXBuildFile; fileRef = 489A3AAE246E66FD009895EB /* MXAddressPickView.m */; };
		48A503AB21C74EFB00113742 /* chat.storyboard in Resources */ = {isa = PBXBuildFile; fileRef = 48A503AA21C74EFB00113742 /* chat.storyboard */; };
		48AB764E21D0C65600384041 /* MXImageViewController.m in Sources */ = {isa = PBXBuildFile; fileRef = 48AB764D21D0C65600384041 /* MXImageViewController.m */; };
		48B30D5A2452C5FE00E8E31D /* MXTabBarViewController.m in Sources */ = {isa = PBXBuildFile; fileRef = 48B30D592452C5FE00E8E31D /* MXTabBarViewController.m */; };
		48B30D5D2452C88800E8E31D /* HomeMenusPlist.plist in Resources */ = {isa = PBXBuildFile; fileRef = 48B30D5C2452C88800E8E31D /* HomeMenusPlist.plist */; };
		48B30D5F2452CC2400E8E31D /* NewsModel.storyboard in Resources */ = {isa = PBXBuildFile; fileRef = 48B30D5E2452CC2400E8E31D /* NewsModel.storyboard */; };
		48B30D632452D49800E8E31D /* MXTabBarItem.m in Sources */ = {isa = PBXBuildFile; fileRef = 48B30D622452D49800E8E31D /* MXTabBarItem.m */; };
		48ED3505245AD4430089749E /* area.txt in Resources */ = {isa = PBXBuildFile; fileRef = 48ED3504245AD4430089749E /* area.txt */; };
		91D78FA5C93DBB9E94F7BB1B /* libPods-StoryBoardStudy.a in Frameworks */ = {isa = PBXBuildFile; fileRef = 82CEEA7B582E5027413BDB70 /* libPods-StoryBoardStudy.a */; };
/* End PBXBuildFile section */

/* Begin PBXFileReference section */
		48098273229CC9DF0043797C /* 一.wav */ = {isa = PBXFileReference; lastKnownFileType = audio.wav; path = "一.wav"; sourceTree = "<group>"; };
		48098274229CC9DF0043797C /* 七.wav */ = {isa = PBXFileReference; lastKnownFileType = audio.wav; path = "七.wav"; sourceTree = "<group>"; };
		48098275229CC9DF0043797C /* 六.wav */ = {isa = PBXFileReference; lastKnownFileType = audio.wav; path = "六.wav"; sourceTree = "<group>"; };
		48098276229CC9DF0043797C /* 八.wav */ = {isa = PBXFileReference; lastKnownFileType = audio.wav; path = "八.wav"; sourceTree = "<group>"; };
		48098277229CC9DF0043797C /* 二.wav */ = {isa = PBXFileReference; lastKnownFileType = audio.wav; path = "二.wav"; sourceTree = "<group>"; };
		48098278229CC9DF0043797C /* 十.wav */ = {isa = PBXFileReference; lastKnownFileType = audio.wav; path = "十.wav"; sourceTree = "<group>"; };
		48098279229CC9DF0043797C /* 吉祥生活成功收款.wav */ = {isa = PBXFileReference; lastKnownFileType = audio.wav; path = "吉祥生活成功收款.wav"; sourceTree = "<group>"; };
		4809827A229CC9DF0043797C /* 百.wav */ = {isa = PBXFileReference; lastKnownFileType = audio.wav; path = "百.wav"; sourceTree = "<group>"; };
		4809827B229CC9DF0043797C /* 五.wav */ = {isa = PBXFileReference; lastKnownFileType = audio.wav; path = "五.wav"; sourceTree = "<group>"; };
		4809827C229CC9DF0043797C /* 千.wav */ = {isa = PBXFileReference; lastKnownFileType = audio.wav; path = "千.wav"; sourceTree = "<group>"; };
		4809827D229CC9DF0043797C /* 点.wav */ = {isa = PBXFileReference; lastKnownFileType = audio.wav; path = "点.wav"; sourceTree = "<group>"; };
		4809827E229CC9DF0043797C /* 〇.wav */ = {isa = PBXFileReference; lastKnownFileType = audio.wav; path = "〇.wav"; sourceTree = "<group>"; };
		4809827F229CC9DF0043797C /* 三.wav */ = {isa = PBXFileReference; lastKnownFileType = audio.wav; path = "三.wav"; sourceTree = "<group>"; };
		48098280229CC9DF0043797C /* 四.wav */ = {isa = PBXFileReference; lastKnownFileType = audio.wav; path = "四.wav"; sourceTree = "<group>"; };
		48098281229CC9DF0043797C /* 元.wav */ = {isa = PBXFileReference; lastKnownFileType = audio.wav; path = "元.wav"; sourceTree = "<group>"; };
		48098282229CC9DF0043797C /* 九.wav */ = {isa = PBXFileReference; lastKnownFileType = audio.wav; path = "九.wav"; sourceTree = "<group>"; };
		4811F2E22387C52D007DDBEB /* MXBaseViewController.m */ = {isa = PBXFileReference; fileEncoding = 4; lastKnownFileType = sourcecode.c.objc; path = MXBaseViewController.m; sourceTree = "<group>"; };
		4811F2E42387C52D007DDBEB /* MXBaseNavigationController.h */ = {isa = PBXFileReference; fileEncoding = 4; lastKnownFileType = sourcecode.c.h; path = MXBaseNavigationController.h; sourceTree = "<group>"; };
		4811F2E52387C52D007DDBEB /* MXBaseNavigationController.m */ = {isa = PBXFileReference; fileEncoding = 4; lastKnownFileType = sourcecode.c.objc; path = MXBaseNavigationController.m; sourceTree = "<group>"; };
		4811F2E62387C52D007DDBEB /* MXBaseViewController.h */ = {isa = PBXFileReference; fileEncoding = 4; lastKnownFileType = sourcecode.c.h; path = MXBaseViewController.h; sourceTree = "<group>"; };
		4811F2E82387C52D007DDBEB /* MXBaseModel.m */ = {isa = PBXFileReference; fileEncoding = 4; lastKnownFileType = sourcecode.c.objc; path = MXBaseModel.m; sourceTree = "<group>"; };
		4811F2E92387C52D007DDBEB /* MXBaseModel.h */ = {isa = PBXFileReference; fileEncoding = 4; lastKnownFileType = sourcecode.c.h; path = MXBaseModel.h; sourceTree = "<group>"; };
		4811F2EB2387C52D007DDBEB /* MXBaseView.m */ = {isa = PBXFileReference; fileEncoding = 4; lastKnownFileType = sourcecode.c.objc; path = MXBaseView.m; sourceTree = "<group>"; };
		4811F2EC2387C52D007DDBEB /* MXBaseView.h */ = {isa = PBXFileReference; fileEncoding = 4; lastKnownFileType = sourcecode.c.h; path = MXBaseView.h; sourceTree = "<group>"; };
		4811F2F22387C619007DDBEB /* Define.h */ = {isa = PBXFileReference; fileEncoding = 4; lastKnownFileType = sourcecode.c.h; path = Define.h; sourceTree = "<group>"; };
		4811F2F52387C6AA007DDBEB /* MXMsgCodeView.m */ = {isa = PBXFileReference; fileEncoding = 4; lastKnownFileType = sourcecode.c.objc; path = MXMsgCodeView.m; sourceTree = "<group>"; };
		4811F2F62387C6AA007DDBEB /* MXMsgCodeView.h */ = {isa = PBXFileReference; fileEncoding = 4; lastKnownFileType = sourcecode.c.h; path = MXMsgCodeView.h; sourceTree = "<group>"; };
		4811F2F82387C6AA007DDBEB /* UIColor+Category.h */ = {isa = PBXFileReference; fileEncoding = 4; lastKnownFileType = sourcecode.c.h; path = "UIColor+Category.h"; sourceTree = "<group>"; };
		4811F2F92387C6AA007DDBEB /* UIColor+Category.m */ = {isa = PBXFileReference; fileEncoding = 4; lastKnownFileType = sourcecode.c.objc; path = "UIColor+Category.m"; sourceTree = "<group>"; };
		4811F2FB2387C6AA007DDBEB /* MXFormatterUtils.h */ = {isa = PBXFileReference; fileEncoding = 4; lastKnownFileType = sourcecode.c.h; path = MXFormatterUtils.h; sourceTree = "<group>"; };
		4811F2FC2387C6AA007DDBEB /* MXFormatterUtils.m */ = {isa = PBXFileReference; fileEncoding = 4; lastKnownFileType = sourcecode.c.objc; path = MXFormatterUtils.m; sourceTree = "<group>"; };
		4811F2FE2387C6AA007DDBEB /* MXMapUtils.h */ = {isa = PBXFileReference; fileEncoding = 4; lastKnownFileType = sourcecode.c.h; path = MXMapUtils.h; sourceTree = "<group>"; };
		4811F2FF2387C6AA007DDBEB /* MXMapUtils.m */ = {isa = PBXFileReference; fileEncoding = 4; lastKnownFileType = sourcecode.c.objc; path = MXMapUtils.m; sourceTree = "<group>"; };
		4811F3012387C6AA007DDBEB /* MXFMDBManager.h */ = {isa = PBXFileReference; fileEncoding = 4; lastKnownFileType = sourcecode.c.h; path = MXFMDBManager.h; sourceTree = "<group>"; };
		4811F3022387C6AA007DDBEB /* MXFMDBManager.m */ = {isa = PBXFileReference; fileEncoding = 4; lastKnownFileType = sourcecode.c.objc; path = MXFMDBManager.m; sourceTree = "<group>"; };
		4811F3042387C6AA007DDBEB /* MXBlockReviewViewController.h */ = {isa = PBXFileReference; fileEncoding = 4; lastKnownFileType = sourcecode.c.h; path = MXBlockReviewViewController.h; sourceTree = "<group>"; };
		4811F3052387C6AA007DDBEB /* MXBlockReviewViewController.m */ = {isa = PBXFileReference; fileEncoding = 4; lastKnownFileType = sourcecode.c.objc; path = MXBlockReviewViewController.m; sourceTree = "<group>"; };
		4811F30E2387C6E3007DDBEB /* MXLoginViewController.m */ = {isa = PBXFileReference; fileEncoding = 4; lastKnownFileType = sourcecode.c.objc; path = MXLoginViewController.m; sourceTree = "<group>"; };
		4811F30F2387C6E3007DDBEB /* MXLoginViewController.h */ = {isa = PBXFileReference; fileEncoding = 4; lastKnownFileType = sourcecode.c.h; path = MXLoginViewController.h; sourceTree = "<group>"; };
		4811F3112387C6E3007DDBEB /* MXLoginModel.h */ = {isa = PBXFileReference; fileEncoding = 4; lastKnownFileType = sourcecode.c.h; path = MXLoginModel.h; sourceTree = "<group>"; };
		4811F3122387C6E3007DDBEB /* MXLoginModel.m */ = {isa = PBXFileReference; fileEncoding = 4; lastKnownFileType = sourcecode.c.objc; path = MXLoginModel.m; sourceTree = "<group>"; };
		4811F3142387C6E3007DDBEB /* MXFinanceView.h */ = {isa = PBXFileReference; fileEncoding = 4; lastKnownFileType = sourcecode.c.h; path = MXFinanceView.h; sourceTree = "<group>"; };
		4811F3152387C6E3007DDBEB /* MXIdNoField.m */ = {isa = PBXFileReference; fileEncoding = 4; lastKnownFileType = sourcecode.c.objc; path = MXIdNoField.m; sourceTree = "<group>"; };
		4811F3162387C6E3007DDBEB /* MXIdNoField.h */ = {isa = PBXFileReference; fileEncoding = 4; lastKnownFileType = sourcecode.c.h; path = MXIdNoField.h; sourceTree = "<group>"; };
		4811F3172387C6E3007DDBEB /* MXFinanceView.m */ = {isa = PBXFileReference; fileEncoding = 4; lastKnownFileType = sourcecode.c.objc; path = MXFinanceView.m; sourceTree = "<group>"; };
		4811F31E2387C706007DDBEB /* MXUserTableViewCell.h */ = {isa = PBXFileReference; fileEncoding = 4; lastKnownFileType = sourcecode.c.h; path = MXUserTableViewCell.h; sourceTree = "<group>"; };
		4811F31F2387C706007DDBEB /* MXEmptyTableViewCell.h */ = {isa = PBXFileReference; fileEncoding = 4; lastKnownFileType = sourcecode.c.h; path = MXEmptyTableViewCell.h; sourceTree = "<group>"; };
		4811F3202387C706007DDBEB /* MXChatInputTableViewCell.h */ = {isa = PBXFileReference; fileEncoding = 4; lastKnownFileType = sourcecode.c.h; path = MXChatInputTableViewCell.h; sourceTree = "<group>"; };
		4811F3212387C706007DDBEB /* MXStaffTableViewCell.h */ = {isa = PBXFileReference; fileEncoding = 4; lastKnownFileType = sourcecode.c.h; path = MXStaffTableViewCell.h; sourceTree = "<group>"; };
		4811F3222387C706007DDBEB /* MXEmptyTableViewCell.m */ = {isa = PBXFileReference; fileEncoding = 4; lastKnownFileType = sourcecode.c.objc; path = MXEmptyTableViewCell.m; sourceTree = "<group>"; };
		4811F3232387C706007DDBEB /* MXUserTableViewCell.m */ = {isa = PBXFileReference; fileEncoding = 4; lastKnownFileType = sourcecode.c.objc; path = MXUserTableViewCell.m; sourceTree = "<group>"; };
		4811F3242387C706007DDBEB /* MXStaffTableViewCell.m */ = {isa = PBXFileReference; fileEncoding = 4; lastKnownFileType = sourcecode.c.objc; path = MXStaffTableViewCell.m; sourceTree = "<group>"; };
		4811F3252387C706007DDBEB /* MXChatInputTableViewCell.m */ = {isa = PBXFileReference; fileEncoding = 4; lastKnownFileType = sourcecode.c.objc; path = MXChatInputTableViewCell.m; sourceTree = "<group>"; };
		4811F3272387C706007DDBEB /* MXChatModel.h */ = {isa = PBXFileReference; fileEncoding = 4; lastKnownFileType = sourcecode.c.h; path = MXChatModel.h; sourceTree = "<group>"; };
		4811F3282387C706007DDBEB /* MXChatModel.m */ = {isa = PBXFileReference; fileEncoding = 4; lastKnownFileType = sourcecode.c.objc; path = MXChatModel.m; sourceTree = "<group>"; };
		4811F32A2387C706007DDBEB /* MXChatTableViewController.m */ = {isa = PBXFileReference; fileEncoding = 4; lastKnownFileType = sourcecode.c.objc; path = MXChatTableViewController.m; sourceTree = "<group>"; };
		4811F32B2387C706007DDBEB /* MXChatTableViewController.h */ = {isa = PBXFileReference; fileEncoding = 4; lastKnownFileType = sourcecode.c.h; path = MXChatTableViewController.h; sourceTree = "<group>"; };
		4811F32D2387C706007DDBEB /* MXChatInputView.m */ = {isa = PBXFileReference; fileEncoding = 4; lastKnownFileType = sourcecode.c.objc; path = MXChatInputView.m; sourceTree = "<group>"; };
		4811F32E2387C706007DDBEB /* MXChatInputView.h */ = {isa = PBXFileReference; fileEncoding = 4; lastKnownFileType = sourcecode.c.h; path = MXChatInputView.h; sourceTree = "<group>"; };
		481D3A0021C099D70031B456 /* StoryBoardStudy.app */ = {isa = PBXFileReference; explicitFileType = wrapper.application; includeInIndex = 0; path = StoryBoardStudy.app; sourceTree = BUILT_PRODUCTS_DIR; };
		481D3A0321C099D70031B456 /* AppDelegate.h */ = {isa = PBXFileReference; lastKnownFileType = sourcecode.c.h; path = AppDelegate.h; sourceTree = "<group>"; };
		481D3A0421C099D70031B456 /* AppDelegate.m */ = {isa = PBXFileReference; lastKnownFileType = sourcecode.c.objc; path = AppDelegate.m; sourceTree = "<group>"; };
		481D3A0621C099D70031B456 /* ViewController.h */ = {isa = PBXFileReference; lastKnownFileType = sourcecode.c.h; path = ViewController.h; sourceTree = "<group>"; };
		481D3A0721C099D70031B456 /* ViewController.m */ = {isa = PBXFileReference; lastKnownFileType = sourcecode.c.objc; path = ViewController.m; sourceTree = "<group>"; };
		481D3A0A21C099D70031B456 /* Base */ = {isa = PBXFileReference; lastKnownFileType = file.storyboard; name = Base; path = Base.lproj/Main.storyboard; sourceTree = "<group>"; };
		481D3A0C21C099D80031B456 /* Assets.xcassets */ = {isa = PBXFileReference; lastKnownFileType = folder.assetcatalog; path = Assets.xcassets; sourceTree = "<group>"; };
		481D3A0F21C099D80031B456 /* Base */ = {isa = PBXFileReference; lastKnownFileType = file.storyboard; name = Base; path = Base.lproj/LaunchScreen.storyboard; sourceTree = "<group>"; };
		481D3A1121C099D80031B456 /* Info.plist */ = {isa = PBXFileReference; lastKnownFileType = text.plist.xml; path = Info.plist; sourceTree = "<group>"; };
		481D3A1221C099D80031B456 /* main.m */ = {isa = PBXFileReference; lastKnownFileType = sourcecode.c.objc; path = main.m; sourceTree = "<group>"; };
		481D3A4021C0F92C0031B456 /* Lanuch.storyboard */ = {isa = PBXFileReference; lastKnownFileType = file.storyboard; path = Lanuch.storyboard; sourceTree = "<group>"; };
		482254E224629A2100A1376E /* area3.txt */ = {isa = PBXFileReference; fileEncoding = 4; lastKnownFileType = text; path = area3.txt; sourceTree = "<group>"; };
		482354C8228E9566008CF3A4 /* MXViewT.h */ = {isa = PBXFileReference; lastKnownFileType = sourcecode.c.h; path = MXViewT.h; sourceTree = "<group>"; };
		482354C9228E9566008CF3A4 /* MXViewT.m */ = {isa = PBXFileReference; lastKnownFileType = sourcecode.c.objc; path = MXViewT.m; sourceTree = "<group>"; };
		482354CB228E9F5F008CF3A4 /* MXTreeNode.h */ = {isa = PBXFileReference; lastKnownFileType = sourcecode.c.h; path = MXTreeNode.h; sourceTree = "<group>"; };
		482354CC228E9F5F008CF3A4 /* MXTreeNode.m */ = {isa = PBXFileReference; lastKnownFileType = sourcecode.c.objc; path = MXTreeNode.m; sourceTree = "<group>"; };
		483592F8229FB8E1000ABF62 /* MXDragonTigerViewController.h */ = {isa = PBXFileReference; lastKnownFileType = sourcecode.c.h; path = MXDragonTigerViewController.h; sourceTree = "<group>"; };
		483592F9229FB8E1000ABF62 /* MXDragonTigerViewController.m */ = {isa = PBXFileReference; lastKnownFileType = sourcecode.c.objc; path = MXDragonTigerViewController.m; sourceTree = "<group>"; };
		4853C3AB22D4882C00C473F0 /* MaxsFrameworkDemo.framework */ = {isa = PBXFileReference; lastKnownFileType = wrapper.framework; path = MaxsFrameworkDemo.framework; sourceTree = "<group>"; };
		48667416245B441A00AC8483 /* JHAddressPicker.m */ = {isa = PBXFileReference; fileEncoding = 4; lastKnownFileType = sourcecode.c.objc; path = JHAddressPicker.m; sourceTree = "<group>"; };
		48667417245B441A00AC8483 /* JHAddressToolBar.h */ = {isa = PBXFileReference; fileEncoding = 4; lastKnownFileType = sourcecode.c.h; path = JHAddressToolBar.h; sourceTree = "<group>"; };
		48667418245B441A00AC8483 /* JHAddressPickView.m */ = {isa = PBXFileReference; fileEncoding = 4; lastKnownFileType = sourcecode.c.objc; path = JHAddressPickView.m; sourceTree = "<group>"; };
		4866741A245B441A00AC8483 /* address.plist */ = {isa = PBXFileReference; fileEncoding = 4; lastKnownFileType = text.plist.xml; path = address.plist; sourceTree = "<group>"; };
		4866741B245B441A00AC8483 /* JHAddressPicker.h */ = {isa = PBXFileReference; fileEncoding = 4; lastKnownFileType = sourcecode.c.h; path = JHAddressPicker.h; sourceTree = "<group>"; };
		4866741C245B441A00AC8483 /* JHAddressPickView.h */ = {isa = PBXFileReference; fileEncoding = 4; lastKnownFileType = sourcecode.c.h; path = JHAddressPickView.h; sourceTree = "<group>"; };
		4866741D245B441A00AC8483 /* JHAddressToolBar.m */ = {isa = PBXFileReference; fileEncoding = 4; lastKnownFileType = sourcecode.c.objc; path = JHAddressToolBar.m; sourceTree = "<group>"; };
		48667422245B44F300AC8483 /* MXAddressPickViewController.h */ = {isa = PBXFileReference; lastKnownFileType = sourcecode.c.h; path = MXAddressPickViewController.h; sourceTree = "<group>"; };
		48667423245B44F300AC8483 /* MXAddressPickViewController.m */ = {isa = PBXFileReference; lastKnownFileType = sourcecode.c.objc; path = MXAddressPickViewController.m; sourceTree = "<group>"; };
		4866742F245FFCD800AC8483 /* place.txt */ = {isa = PBXFileReference; fileEncoding = 4; lastKnownFileType = text; path = place.txt; sourceTree = "<group>"; };
		486674312460040E00AC8483 /* area2.txt */ = {isa = PBXFileReference; fileEncoding = 4; lastKnownFileType = text; path = area2.txt; sourceTree = "<group>"; };
		489110DA231CED3200BE0ED0 /* PrefixHeader.pch */ = {isa = PBXFileReference; lastKnownFileType = sourcecode.c.h; path = PrefixHeader.pch; sourceTree = "<group>"; };
		489A3AAD246E66FD009895EB /* MXAddressPickView.h */ = {isa = PBXFileReference; lastKnownFileType = sourcecode.c.h; path = MXAddressPickView.h; sourceTree = "<group>"; };
		489A3AAE246E66FD009895EB /* MXAddressPickView.m */ = {isa = PBXFileReference; lastKnownFileType = sourcecode.c.objc; path = MXAddressPickView.m; sourceTree = "<group>"; };
		48A503AA21C74EFB00113742 /* chat.storyboard */ = {isa = PBXFileReference; lastKnownFileType = file.storyboard; path = chat.storyboard; sourceTree = "<group>"; };
		48AB764C21D0C65600384041 /* MXImageViewController.h */ = {isa = PBXFileReference; lastKnownFileType = sourcecode.c.h; path = MXImageViewController.h; sourceTree = "<group>"; };
		48AB764D21D0C65600384041 /* MXImageViewController.m */ = {isa = PBXFileReference; lastKnownFileType = sourcecode.c.objc; path = MXImageViewController.m; sourceTree = "<group>"; };
		48B30D582452C5FE00E8E31D /* MXTabBarViewController.h */ = {isa = PBXFileReference; lastKnownFileType = sourcecode.c.h; path = MXTabBarViewController.h; sourceTree = "<group>"; };
		48B30D592452C5FE00E8E31D /* MXTabBarViewController.m */ = {isa = PBXFileReference; lastKnownFileType = sourcecode.c.objc; path = MXTabBarViewController.m; sourceTree = "<group>"; };
		48B30D5C2452C88800E8E31D /* HomeMenusPlist.plist */ = {isa = PBXFileReference; lastKnownFileType = text.plist.xml; path = HomeMenusPlist.plist; sourceTree = "<group>"; };
		48B30D5E2452CC2400E8E31D /* NewsModel.storyboard */ = {isa = PBXFileReference; lastKnownFileType = file.storyboard; path = NewsModel.storyboard; sourceTree = "<group>"; };
		48B30D612452D49800E8E31D /* MXTabBarItem.h */ = {isa = PBXFileReference; lastKnownFileType = sourcecode.c.h; path = MXTabBarItem.h; sourceTree = "<group>"; };
		48B30D622452D49800E8E31D /* MXTabBarItem.m */ = {isa = PBXFileReference; lastKnownFileType = sourcecode.c.objc; path = MXTabBarItem.m; sourceTree = "<group>"; };
		48ED3504245AD4430089749E /* area.txt */ = {isa = PBXFileReference; fileEncoding = 4; lastKnownFileType = text; path = area.txt; sourceTree = "<group>"; };
		82CEEA7B582E5027413BDB70 /* libPods-StoryBoardStudy.a */ = {isa = PBXFileReference; explicitFileType = archive.ar; includeInIndex = 0; path = "libPods-StoryBoardStudy.a"; sourceTree = BUILT_PRODUCTS_DIR; };
		AA6E39158614E44934AC5A72 /* Pods-StoryBoardStudy.release.xcconfig */ = {isa = PBXFileReference; includeInIndex = 1; lastKnownFileType = text.xcconfig; name = "Pods-StoryBoardStudy.release.xcconfig"; path = "Pods/Target Support Files/Pods-StoryBoardStudy/Pods-StoryBoardStudy.release.xcconfig"; sourceTree = "<group>"; };
		FCC0F1021C15E615164BF659 /* Pods-StoryBoardStudy.debug.xcconfig */ = {isa = PBXFileReference; includeInIndex = 1; lastKnownFileType = text.xcconfig; name = "Pods-StoryBoardStudy.debug.xcconfig"; path = "Pods/Target Support Files/Pods-StoryBoardStudy/Pods-StoryBoardStudy.debug.xcconfig"; sourceTree = "<group>"; };
/* End PBXFileReference section */

/* Begin PBXFrameworksBuildPhase section */
		481D39FD21C099D70031B456 /* Frameworks */ = {
			isa = PBXFrameworksBuildPhase;
			buildActionMask = 2147483647;
			files = (
				91D78FA5C93DBB9E94F7BB1B /* libPods-StoryBoardStudy.a in Frameworks */,
				4853C3AC22D4882C00C473F0 /* MaxsFrameworkDemo.framework in Frameworks */,
			);
			runOnlyForDeploymentPostprocessing = 0;
		};
/* End PBXFrameworksBuildPhase section */

/* Begin PBXGroup section */
		48098272229CC9DF0043797C /* sounds */ = {
			isa = PBXGroup;
			children = (
				48098273229CC9DF0043797C /* 一.wav */,
				48098274229CC9DF0043797C /* 七.wav */,
				48098275229CC9DF0043797C /* 六.wav */,
				48098276229CC9DF0043797C /* 八.wav */,
				48098277229CC9DF0043797C /* 二.wav */,
				48098278229CC9DF0043797C /* 十.wav */,
				48098279229CC9DF0043797C /* 吉祥生活成功收款.wav */,
				4809827A229CC9DF0043797C /* 百.wav */,
				4809827B229CC9DF0043797C /* 五.wav */,
				4809827C229CC9DF0043797C /* 千.wav */,
				4809827D229CC9DF0043797C /* 点.wav */,
				4809827E229CC9DF0043797C /* 〇.wav */,
				4809827F229CC9DF0043797C /* 三.wav */,
				48098280229CC9DF0043797C /* 四.wav */,
				48098281229CC9DF0043797C /* 元.wav */,
				48098282229CC9DF0043797C /* 九.wav */,
			);
			path = sounds;
			sourceTree = "<group>";
		};
		4811F2E02387C52D007DDBEB /* base */ = {
			isa = PBXGroup;
			children = (
				4811F2E12387C52D007DDBEB /* Controller */,
				4811F2E72387C52D007DDBEB /* Model */,
				4811F2EA2387C52D007DDBEB /* View */,
			);
			path = base;
			sourceTree = "<group>";
		};
		4811F2E12387C52D007DDBEB /* Controller */ = {
			isa = PBXGroup;
			children = (
				48B30D572452C5C600E8E31D /* baseTabbar */,
				4811F2E62387C52D007DDBEB /* MXBaseViewController.h */,
				4811F2E22387C52D007DDBEB /* MXBaseViewController.m */,
				4811F2E32387C52D007DDBEB /* baseNavi */,
			);
			path = Controller;
			sourceTree = "<group>";
		};
		4811F2E32387C52D007DDBEB /* baseNavi */ = {
			isa = PBXGroup;
			children = (
				4811F2E42387C52D007DDBEB /* MXBaseNavigationController.h */,
				4811F2E52387C52D007DDBEB /* MXBaseNavigationController.m */,
			);
			path = baseNavi;
			sourceTree = "<group>";
		};
		4811F2E72387C52D007DDBEB /* Model */ = {
			isa = PBXGroup;
			children = (
				4811F2E82387C52D007DDBEB /* MXBaseModel.m */,
				4811F2E92387C52D007DDBEB /* MXBaseModel.h */,
			);
			path = Model;
			sourceTree = "<group>";
		};
		4811F2EA2387C52D007DDBEB /* View */ = {
			isa = PBXGroup;
			children = (
				48B30D602452D1FE00E8E31D /* tabbar */,
				4811F2EB2387C52D007DDBEB /* MXBaseView.m */,
				4811F2EC2387C52D007DDBEB /* MXBaseView.h */,
			);
			path = View;
			sourceTree = "<group>";
		};
		4811F2F12387C619007DDBEB /* constent */ = {
			isa = PBXGroup;
			children = (
				4811F2F22387C619007DDBEB /* Define.h */,
			);
			path = constent;
			sourceTree = "<group>";
		};
		4811F2F32387C6AA007DDBEB /* Classes */ = {
			isa = PBXGroup;
			children = (
				48667415245B437800AC8483 /* adressPicker */,
				4811F31C2387C706007DDBEB /* chat */,
				4811F30C2387C6E3007DDBEB /* lanuch */,
				4811F2F42387C6AA007DDBEB /* msgCode */,
				4811F2F72387C6AA007DDBEB /* category */,
				4811F2FA2387C6AA007DDBEB /* utils */,
				4811F2FD2387C6AA007DDBEB /* map */,
				4811F3002387C6AA007DDBEB /* FMDBManager */,
				4811F3032387C6AA007DDBEB /* block */,
			);
			path = Classes;
			sourceTree = "<group>";
		};
		4811F2F42387C6AA007DDBEB /* msgCode */ = {
			isa = PBXGroup;
			children = (
				4811F2F52387C6AA007DDBEB /* MXMsgCodeView.m */,
				4811F2F62387C6AA007DDBEB /* MXMsgCodeView.h */,
			);
			path = msgCode;
			sourceTree = "<group>";
		};
		4811F2F72387C6AA007DDBEB /* category */ = {
			isa = PBXGroup;
			children = (
				4811F2F82387C6AA007DDBEB /* UIColor+Category.h */,
				4811F2F92387C6AA007DDBEB /* UIColor+Category.m */,
			);
			path = category;
			sourceTree = "<group>";
		};
		4811F2FA2387C6AA007DDBEB /* utils */ = {
			isa = PBXGroup;
			children = (
				4811F2FB2387C6AA007DDBEB /* MXFormatterUtils.h */,
				4811F2FC2387C6AA007DDBEB /* MXFormatterUtils.m */,
			);
			path = utils;
			sourceTree = "<group>";
		};
		4811F2FD2387C6AA007DDBEB /* map */ = {
			isa = PBXGroup;
			children = (
				4811F2FE2387C6AA007DDBEB /* MXMapUtils.h */,
				4811F2FF2387C6AA007DDBEB /* MXMapUtils.m */,
			);
			path = map;
			sourceTree = "<group>";
		};
		4811F3002387C6AA007DDBEB /* FMDBManager */ = {
			isa = PBXGroup;
			children = (
				4811F3012387C6AA007DDBEB /* MXFMDBManager.h */,
				4811F3022387C6AA007DDBEB /* MXFMDBManager.m */,
			);
			path = FMDBManager;
			sourceTree = "<group>";
		};
		4811F3032387C6AA007DDBEB /* block */ = {
			isa = PBXGroup;
			children = (
				4811F3042387C6AA007DDBEB /* MXBlockReviewViewController.h */,
				4811F3052387C6AA007DDBEB /* MXBlockReviewViewController.m */,
			);
			path = block;
			sourceTree = "<group>";
		};
		4811F30C2387C6E3007DDBEB /* lanuch */ = {
			isa = PBXGroup;
			children = (
				4811F30D2387C6E3007DDBEB /* Controller */,
				4811F3102387C6E3007DDBEB /* Model */,
				4811F3132387C6E3007DDBEB /* Views */,
			);
			path = lanuch;
			sourceTree = "<group>";
		};
		4811F30D2387C6E3007DDBEB /* Controller */ = {
			isa = PBXGroup;
			children = (
				4811F30E2387C6E3007DDBEB /* MXLoginViewController.m */,
				4811F30F2387C6E3007DDBEB /* MXLoginViewController.h */,
			);
			path = Controller;
			sourceTree = "<group>";
		};
		4811F3102387C6E3007DDBEB /* Model */ = {
			isa = PBXGroup;
			children = (
				4811F3112387C6E3007DDBEB /* MXLoginModel.h */,
				4811F3122387C6E3007DDBEB /* MXLoginModel.m */,
			);
			path = Model;
			sourceTree = "<group>";
		};
		4811F3132387C6E3007DDBEB /* Views */ = {
			isa = PBXGroup;
			children = (
				4811F3142387C6E3007DDBEB /* MXFinanceView.h */,
				4811F3152387C6E3007DDBEB /* MXIdNoField.m */,
				4811F3162387C6E3007DDBEB /* MXIdNoField.h */,
				4811F3172387C6E3007DDBEB /* MXFinanceView.m */,
			);
			path = Views;
			sourceTree = "<group>";
		};
		4811F31C2387C706007DDBEB /* chat */ = {
			isa = PBXGroup;
			children = (
				4811F31D2387C706007DDBEB /* Cells */,
				4811F3262387C706007DDBEB /* Models */,
				4811F3292387C706007DDBEB /* controller */,
				4811F32C2387C706007DDBEB /* view */,
			);
			path = chat;
			sourceTree = "<group>";
		};
		4811F31D2387C706007DDBEB /* Cells */ = {
			isa = PBXGroup;
			children = (
				4811F31E2387C706007DDBEB /* MXUserTableViewCell.h */,
				4811F31F2387C706007DDBEB /* MXEmptyTableViewCell.h */,
				4811F3202387C706007DDBEB /* MXChatInputTableViewCell.h */,
				4811F3212387C706007DDBEB /* MXStaffTableViewCell.h */,
				4811F3222387C706007DDBEB /* MXEmptyTableViewCell.m */,
				4811F3232387C706007DDBEB /* MXUserTableViewCell.m */,
				4811F3242387C706007DDBEB /* MXStaffTableViewCell.m */,
				4811F3252387C706007DDBEB /* MXChatInputTableViewCell.m */,
			);
			path = Cells;
			sourceTree = "<group>";
		};
		4811F3262387C706007DDBEB /* Models */ = {
			isa = PBXGroup;
			children = (
				4811F3272387C706007DDBEB /* MXChatModel.h */,
				4811F3282387C706007DDBEB /* MXChatModel.m */,
			);
			path = Models;
			sourceTree = "<group>";
		};
		4811F3292387C706007DDBEB /* controller */ = {
			isa = PBXGroup;
			children = (
				4811F32A2387C706007DDBEB /* MXChatTableViewController.m */,
				4811F32B2387C706007DDBEB /* MXChatTableViewController.h */,
			);
			path = controller;
			sourceTree = "<group>";
		};
		4811F32C2387C706007DDBEB /* view */ = {
			isa = PBXGroup;
			children = (
				4811F32D2387C706007DDBEB /* MXChatInputView.m */,
				4811F32E2387C706007DDBEB /* MXChatInputView.h */,
			);
			path = view;
			sourceTree = "<group>";
		};
		481D39F721C099D70031B456 = {
			isa = PBXGroup;
			children = (
				481D3A0221C099D70031B456 /* StoryBoardStudy */,
				481D3A0121C099D70031B456 /* Products */,
				683AA9EFBB8795139BF43290 /* Pods */,
				902995D584C85E9D3D376207 /* Frameworks */,
			);
			sourceTree = "<group>";
		};
		481D3A0121C099D70031B456 /* Products */ = {
			isa = PBXGroup;
			children = (
				481D3A0021C099D70031B456 /* StoryBoardStudy.app */,
			);
			name = Products;
			sourceTree = "<group>";
		};
		481D3A0221C099D70031B456 /* StoryBoardStudy */ = {
			isa = PBXGroup;
			children = (
				48B30D5B2452C85300E8E31D /* resources */,
				4811F2F32387C6AA007DDBEB /* Classes */,
				4811F2F12387C619007DDBEB /* constent */,
				4811F2E02387C52D007DDBEB /* base */,
				483592F7229FB8CD000ABF62 /* dragonTiger */,
				48098272229CC9DF0043797C /* sounds */,
				481D3A1921C09ADE0031B456 /* storyboards */,
				481D3A0321C099D70031B456 /* AppDelegate.h */,
				481D3A0421C099D70031B456 /* AppDelegate.m */,
				481D3A0621C099D70031B456 /* ViewController.h */,
				481D3A0721C099D70031B456 /* ViewController.m */,
				48AB764C21D0C65600384041 /* MXImageViewController.h */,
				48AB764D21D0C65600384041 /* MXImageViewController.m */,
				482354C8228E9566008CF3A4 /* MXViewT.h */,
				482354C9228E9566008CF3A4 /* MXViewT.m */,
				482354CB228E9F5F008CF3A4 /* MXTreeNode.h */,
				482354CC228E9F5F008CF3A4 /* MXTreeNode.m */,
				481D3A0921C099D70031B456 /* Main.storyboard */,
				481D3A0C21C099D80031B456 /* Assets.xcassets */,
				481D3A0E21C099D80031B456 /* LaunchScreen.storyboard */,
				481D3A1121C099D80031B456 /* Info.plist */,
				481D3A1221C099D80031B456 /* main.m */,
				489110DA231CED3200BE0ED0 /* PrefixHeader.pch */,
				4853C3AB22D4882C00C473F0 /* MaxsFrameworkDemo.framework */,
			);
			path = StoryBoardStudy;
			sourceTree = "<group>";
		};
		481D3A1921C09ADE0031B456 /* storyboards */ = {
			isa = PBXGroup;
			children = (
				481D3A4021C0F92C0031B456 /* Lanuch.storyboard */,
				48A503AA21C74EFB00113742 /* chat.storyboard */,
				48B30D5E2452CC2400E8E31D /* NewsModel.storyboard */,
			);
			path = storyboards;
			sourceTree = "<group>";
		};
		483592F7229FB8CD000ABF62 /* dragonTiger */ = {
			isa = PBXGroup;
			children = (
				483592F8229FB8E1000ABF62 /* MXDragonTigerViewController.h */,
				483592F9229FB8E1000ABF62 /* MXDragonTigerViewController.m */,
			);
			path = dragonTiger;
			sourceTree = "<group>";
		};
		48667415245B437800AC8483 /* adressPicker */ = {
			isa = PBXGroup;
			children = (
				489A3AAC246E66D8009895EB /* view */,
				4866741B245B441A00AC8483 /* JHAddressPicker.h */,
				48667416245B441A00AC8483 /* JHAddressPicker.m */,
				4866741C245B441A00AC8483 /* JHAddressPickView.h */,
				48667418245B441A00AC8483 /* JHAddressPickView.m */,
				48667417245B441A00AC8483 /* JHAddressToolBar.h */,
				4866741D245B441A00AC8483 /* JHAddressToolBar.m */,
				48667419245B441A00AC8483 /* resource */,
				48667422245B44F300AC8483 /* MXAddressPickViewController.h */,
				48667423245B44F300AC8483 /* MXAddressPickViewController.m */,
			);
			path = adressPicker;
			sourceTree = "<group>";
		};
		48667419245B441A00AC8483 /* resource */ = {
			isa = PBXGroup;
			children = (
				4866741A245B441A00AC8483 /* address.plist */,
			);
			path = resource;
			sourceTree = "<group>";
		};
		489A3AAC246E66D8009895EB /* view */ = {
			isa = PBXGroup;
			children = (
				489A3AAD246E66FD009895EB /* MXAddressPickView.h */,
				489A3AAE246E66FD009895EB /* MXAddressPickView.m */,
			);
			path = view;
			sourceTree = "<group>";
		};
		48B30D572452C5C600E8E31D /* baseTabbar */ = {
			isa = PBXGroup;
			children = (
				48B30D582452C5FE00E8E31D /* MXTabBarViewController.h */,
				48B30D592452C5FE00E8E31D /* MXTabBarViewController.m */,
			);
			path = baseTabbar;
			sourceTree = "<group>";
		};
		48B30D5B2452C85300E8E31D /* resources */ = {
			isa = PBXGroup;
			children = (
				482254E224629A2100A1376E /* area3.txt */,
				4866742F245FFCD800AC8483 /* place.txt */,
				486674312460040E00AC8483 /* area2.txt */,
				48ED3504245AD4430089749E /* area.txt */,
				48B30D5C2452C88800E8E31D /* HomeMenusPlist.plist */,
			);
			path = resources;
			sourceTree = "<group>";
		};
		48B30D602452D1FE00E8E31D /* tabbar */ = {
			isa = PBXGroup;
			children = (
				48B30D612452D49800E8E31D /* MXTabBarItem.h */,
				48B30D622452D49800E8E31D /* MXTabBarItem.m */,
			);
			path = tabbar;
			sourceTree = "<group>";
		};
		683AA9EFBB8795139BF43290 /* Pods */ = {
			isa = PBXGroup;
			children = (
				FCC0F1021C15E615164BF659 /* Pods-StoryBoardStudy.debug.xcconfig */,
				AA6E39158614E44934AC5A72 /* Pods-StoryBoardStudy.release.xcconfig */,
			);
			name = Pods;
			sourceTree = "<group>";
		};
		902995D584C85E9D3D376207 /* Frameworks */ = {
			isa = PBXGroup;
			children = (
				82CEEA7B582E5027413BDB70 /* libPods-StoryBoardStudy.a */,
			);
			name = Frameworks;
			sourceTree = "<group>";
		};
/* End PBXGroup section */

/* Begin PBXNativeTarget section */
		481D39FF21C099D70031B456 /* StoryBoardStudy */ = {
			isa = PBXNativeTarget;
			buildConfigurationList = 481D3A1621C099D80031B456 /* Build configuration list for PBXNativeTarget "StoryBoardStudy" */;
			buildPhases = (
				C24C99770B3E29A7BB3E6BF4 /* [CP] Check Pods Manifest.lock */,
				481D39FC21C099D70031B456 /* Sources */,
				481D39FD21C099D70031B456 /* Frameworks */,
				481D39FE21C099D70031B456 /* Resources */,
				156992FFDA6AD3BAB28E21D9 /* [CP] Copy Pods Resources */,
			);
			buildRules = (
			);
			dependencies = (
			);
			name = StoryBoardStudy;
			productName = StoryBoardStudy;
			productReference = 481D3A0021C099D70031B456 /* StoryBoardStudy.app */;
			productType = "com.apple.product-type.application";
		};
/* End PBXNativeTarget section */

/* Begin PBXProject section */
		481D39F821C099D70031B456 /* Project object */ = {
			isa = PBXProject;
			attributes = {
				CLASSPREFIX = MX;
				LastUpgradeCheck = 1010;
				ORGANIZATIONNAME = "马霄";
				TargetAttributes = {
					481D39FF21C099D70031B456 = {
						CreatedOnToolsVersion = 10.1;
					};
				};
			};
			buildConfigurationList = 481D39FB21C099D70031B456 /* Build configuration list for PBXProject "StoryBoardStudy" */;
			compatibilityVersion = "Xcode 9.3";
			developmentRegion = en;
			hasScannedForEncodings = 0;
			knownRegions = (
				en,
				Base,
			);
			mainGroup = 481D39F721C099D70031B456;
			productRefGroup = 481D3A0121C099D70031B456 /* Products */;
			projectDirPath = "";
			projectRoot = "";
			targets = (
				481D39FF21C099D70031B456 /* StoryBoardStudy */,
			);
		};
/* End PBXProject section */

/* Begin PBXResourcesBuildPhase section */
		481D39FE21C099D70031B456 /* Resources */ = {
			isa = PBXResourcesBuildPhase;
			buildActionMask = 2147483647;
			files = (
				48098291229CC9DF0043797C /* 元.wav in Resources */,
				48098288229CC9DF0043797C /* 十.wav in Resources */,
				4809828E229CC9DF0043797C /* 〇.wav in Resources */,
				481D3A1021C099D80031B456 /* LaunchScreen.storyboard in Resources */,
				481D3A0D21C099D80031B456 /* Assets.xcassets in Resources */,
				48A503AB21C74EFB00113742 /* chat.storyboard in Resources */,
				48098287229CC9DF0043797C /* 二.wav in Resources */,
				48ED3505245AD4430089749E /* area.txt in Resources */,
				4809828F229CC9DF0043797C /* 三.wav in Resources */,
				4809828B229CC9DF0043797C /* 五.wav in Resources */,
				4809828A229CC9DF0043797C /* 百.wav in Resources */,
				48098283229CC9DF0043797C /* 一.wav in Resources */,
				481D3A0B21C099D70031B456 /* Main.storyboard in Resources */,
				4809828C229CC9DF0043797C /* 千.wav in Resources */,
				48B30D5F2452CC2400E8E31D /* NewsModel.storyboard in Resources */,
				482254E324629A2100A1376E /* area3.txt in Resources */,
				48098290229CC9DF0043797C /* 四.wav in Resources */,
				48667420245B441A00AC8483 /* address.plist in Resources */,
				4809828D229CC9DF0043797C /* 点.wav in Resources */,
				48098292229CC9DF0043797C /* 九.wav in Resources */,
				481D3A4121C0F92C0031B456 /* Lanuch.storyboard in Resources */,
				48098286229CC9DF0043797C /* 八.wav in Resources */,
				48098285229CC9DF0043797C /* 六.wav in Resources */,
				486674322460040E00AC8483 /* area2.txt in Resources */,
				48B30D5D2452C88800E8E31D /* HomeMenusPlist.plist in Resources */,
				48098284229CC9DF0043797C /* 七.wav in Resources */,
				48667430245FFCD800AC8483 /* place.txt in Resources */,
				48098289229CC9DF0043797C /* 吉祥生活成功收款.wav in Resources */,
			);
			runOnlyForDeploymentPostprocessing = 0;
		};
/* End PBXResourcesBuildPhase section */

/* Begin PBXShellScriptBuildPhase section */
		156992FFDA6AD3BAB28E21D9 /* [CP] Copy Pods Resources */ = {
			isa = PBXShellScriptBuildPhase;
			buildActionMask = 2147483647;
			files = (
			);
			inputFileListPaths = (
				"${PODS_ROOT}/Target Support Files/Pods-StoryBoardStudy/Pods-StoryBoardStudy-resources-${CONFIGURATION}-input-files.xcfilelist",
			);
			name = "[CP] Copy Pods Resources";
			outputFileListPaths = (
				"${PODS_ROOT}/Target Support Files/Pods-StoryBoardStudy/Pods-StoryBoardStudy-resources-${CONFIGURATION}-output-files.xcfilelist",
			);
			runOnlyForDeploymentPostprocessing = 0;
			shellPath = /bin/sh;
			shellScript = "\"${PODS_ROOT}/Target Support Files/Pods-StoryBoardStudy/Pods-StoryBoardStudy-resources.sh\"\n";
			showEnvVarsInLog = 0;
		};
		C24C99770B3E29A7BB3E6BF4 /* [CP] Check Pods Manifest.lock */ = {
			isa = PBXShellScriptBuildPhase;
			buildActionMask = 2147483647;
			files = (
			);
			inputFileListPaths = (
			);
			inputPaths = (
				"${PODS_PODFILE_DIR_PATH}/Podfile.lock",
				"${PODS_ROOT}/Manifest.lock",
			);
			name = "[CP] Check Pods Manifest.lock";
			outputFileListPaths = (
			);
			outputPaths = (
				"$(DERIVED_FILE_DIR)/Pods-StoryBoardStudy-checkManifestLockResult.txt",
			);
			runOnlyForDeploymentPostprocessing = 0;
			shellPath = /bin/sh;
			shellScript = "diff \"${PODS_PODFILE_DIR_PATH}/Podfile.lock\" \"${PODS_ROOT}/Manifest.lock\" > /dev/null\nif [ $? != 0 ] ; then\n    # print error to STDERR\n    echo \"error: The sandbox is not in sync with the Podfile.lock. Run 'pod install' or update your CocoaPods installation.\" >&2\n    exit 1\nfi\n# This output is used by Xcode 'outputs' to avoid re-running this script phase.\necho \"SUCCESS\" > \"${SCRIPT_OUTPUT_FILE_0}\"\n";
			showEnvVarsInLog = 0;
		};
/* End PBXShellScriptBuildPhase section */

/* Begin PBXSourcesBuildPhase section */
		481D39FC21C099D70031B456 /* Sources */ = {
			isa = PBXSourcesBuildPhase;
			buildActionMask = 2147483647;
			files = (
				4811F3352387C706007DDBEB /* MXChatInputView.m in Sources */,
				4811F30B2387C6AA007DDBEB /* MXBlockReviewViewController.m in Sources */,
				4811F3342387C706007DDBEB /* MXChatTableViewController.m in Sources */,
				4811F3062387C6AA007DDBEB /* MXMsgCodeView.m in Sources */,
				4811F3082387C6AA007DDBEB /* MXFormatterUtils.m in Sources */,
				4811F3322387C706007DDBEB /* MXChatInputTableViewCell.m in Sources */,
				4811F31A2387C6E3007DDBEB /* MXIdNoField.m in Sources */,
				48B30D632452D49800E8E31D /* MXTabBarItem.m in Sources */,
				4866741F245B441A00AC8483 /* JHAddressPickView.m in Sources */,
				482354CD228E9F5F008CF3A4 /* MXTreeNode.m in Sources */,
				489A3AAF246E66FD009895EB /* MXAddressPickView.m in Sources */,
				4811F3192387C6E3007DDBEB /* MXLoginModel.m in Sources */,
				48667421245B441A00AC8483 /* JHAddressToolBar.m in Sources */,
				4811F30A2387C6AA007DDBEB /* MXFMDBManager.m in Sources */,
				48B30D5A2452C5FE00E8E31D /* MXTabBarViewController.m in Sources */,
				482354CA228E9566008CF3A4 /* MXViewT.m in Sources */,
				4811F32F2387C706007DDBEB /* MXEmptyTableViewCell.m in Sources */,
				4811F3332387C706007DDBEB /* MXChatModel.m in Sources */,
				4811F2EE2387C52D007DDBEB /* MXBaseNavigationController.m in Sources */,
				4866741E245B441A00AC8483 /* JHAddressPicker.m in Sources */,
				4811F2F02387C52D007DDBEB /* MXBaseView.m in Sources */,
				4811F3072387C6AA007DDBEB /* UIColor+Category.m in Sources */,
				4811F31B2387C6E3007DDBEB /* MXFinanceView.m in Sources */,
				4811F3182387C6E3007DDBEB /* MXLoginViewController.m in Sources */,
				483592FA229FB8E1000ABF62 /* MXDragonTigerViewController.m in Sources */,
				481D3A0821C099D70031B456 /* ViewController.m in Sources */,
				48667424245B44F300AC8483 /* MXAddressPickViewController.m in Sources */,
				481D3A1321C099D80031B456 /* main.m in Sources */,
				4811F2EF2387C52D007DDBEB /* MXBaseModel.m in Sources */,
				4811F2ED2387C52D007DDBEB /* MXBaseViewController.m in Sources */,
				481D3A0521C099D70031B456 /* AppDelegate.m in Sources */,
				48AB764E21D0C65600384041 /* MXImageViewController.m in Sources */,
				4811F3312387C706007DDBEB /* MXStaffTableViewCell.m in Sources */,
				4811F3302387C706007DDBEB /* MXUserTableViewCell.m in Sources */,
				4811F3092387C6AA007DDBEB /* MXMapUtils.m in Sources */,
			);
			runOnlyForDeploymentPostprocessing = 0;
		};
/* End PBXSourcesBuildPhase section */

/* Begin PBXVariantGroup section */
		481D3A0921C099D70031B456 /* Main.storyboard */ = {
			isa = PBXVariantGroup;
			children = (
				481D3A0A21C099D70031B456 /* Base */,
			);
			name = Main.storyboard;
			sourceTree = "<group>";
		};
		481D3A0E21C099D80031B456 /* LaunchScreen.storyboard */ = {
			isa = PBXVariantGroup;
			children = (
				481D3A0F21C099D80031B456 /* Base */,
			);
			name = LaunchScreen.storyboard;
			sourceTree = "<group>";
		};
/* End PBXVariantGroup section */

/* Begin XCBuildConfiguration section */
		481D3A1421C099D80031B456 /* Debug */ = {
			isa = XCBuildConfiguration;
			buildSettings = {
				ALWAYS_SEARCH_USER_PATHS = NO;
				CLANG_ANALYZER_NONNULL = YES;
				CLANG_ANALYZER_NUMBER_OBJECT_CONVERSION = YES_AGGRESSIVE;
				CLANG_CXX_LANGUAGE_STANDARD = "gnu++14";
				CLANG_CXX_LIBRARY = "libc++";
				CLANG_ENABLE_MODULES = YES;
				CLANG_ENABLE_OBJC_ARC = YES;
				CLANG_ENABLE_OBJC_WEAK = YES;
				CLANG_WARN_BLOCK_CAPTURE_AUTORELEASING = YES;
				CLANG_WARN_BOOL_CONVERSION = YES;
				CLANG_WARN_COMMA = YES;
				CLANG_WARN_CONSTANT_CONVERSION = YES;
				CLANG_WARN_DEPRECATED_OBJC_IMPLEMENTATIONS = YES;
				CLANG_WARN_DIRECT_OBJC_ISA_USAGE = YES_ERROR;
				CLANG_WARN_DOCUMENTATION_COMMENTS = YES;
				CLANG_WARN_EMPTY_BODY = YES;
				CLANG_WARN_ENUM_CONVERSION = YES;
				CLANG_WARN_INFINITE_RECURSION = YES;
				CLANG_WARN_INT_CONVERSION = YES;
				CLANG_WARN_NON_LITERAL_NULL_CONVERSION = YES;
				CLANG_WARN_OBJC_IMPLICIT_RETAIN_SELF = YES;
				CLANG_WARN_OBJC_LITERAL_CONVERSION = YES;
				CLANG_WARN_OBJC_ROOT_CLASS = YES_ERROR;
				CLANG_WARN_RANGE_LOOP_ANALYSIS = YES;
				CLANG_WARN_STRICT_PROTOTYPES = YES;
				CLANG_WARN_SUSPICIOUS_MOVE = YES;
				CLANG_WARN_UNGUARDED_AVAILABILITY = YES_AGGRESSIVE;
				CLANG_WARN_UNREACHABLE_CODE = YES;
				CLANG_WARN__DUPLICATE_METHOD_MATCH = YES;
				CODE_SIGN_IDENTITY = "iPhone Developer";
				COPY_PHASE_STRIP = NO;
				DEBUG_INFORMATION_FORMAT = dwarf;
				ENABLE_STRICT_OBJC_MSGSEND = YES;
				ENABLE_TESTABILITY = YES;
				GCC_C_LANGUAGE_STANDARD = gnu11;
				GCC_DYNAMIC_NO_PIC = NO;
				GCC_NO_COMMON_BLOCKS = YES;
				GCC_OPTIMIZATION_LEVEL = 0;
				GCC_PREPROCESSOR_DEFINITIONS = (
					"DEBUG=1",
					"$(inherited)",
				);
				GCC_WARN_64_TO_32_BIT_CONVERSION = YES;
				GCC_WARN_ABOUT_RETURN_TYPE = YES_ERROR;
				GCC_WARN_UNDECLARED_SELECTOR = YES;
				GCC_WARN_UNINITIALIZED_AUTOS = YES_AGGRESSIVE;
				GCC_WARN_UNUSED_FUNCTION = YES;
				GCC_WARN_UNUSED_VARIABLE = YES;
				IPHONEOS_DEPLOYMENT_TARGET = 12.1;
				MTL_ENABLE_DEBUG_INFO = INCLUDE_SOURCE;
				MTL_FAST_MATH = YES;
				ONLY_ACTIVE_ARCH = YES;
				SDKROOT = iphoneos;
			};
			name = Debug;
		};
		481D3A1521C099D80031B456 /* Release */ = {
			isa = XCBuildConfiguration;
			buildSettings = {
				ALWAYS_SEARCH_USER_PATHS = NO;
				CLANG_ANALYZER_NONNULL = YES;
				CLANG_ANALYZER_NUMBER_OBJECT_CONVERSION = YES_AGGRESSIVE;
				CLANG_CXX_LANGUAGE_STANDARD = "gnu++14";
				CLANG_CXX_LIBRARY = "libc++";
				CLANG_ENABLE_MODULES = YES;
				CLANG_ENABLE_OBJC_ARC = YES;
				CLANG_ENABLE_OBJC_WEAK = YES;
				CLANG_WARN_BLOCK_CAPTURE_AUTORELEASING = YES;
				CLANG_WARN_BOOL_CONVERSION = YES;
				CLANG_WARN_COMMA = YES;
				CLANG_WARN_CONSTANT_CONVERSION = YES;
				CLANG_WARN_DEPRECATED_OBJC_IMPLEMENTATIONS = YES;
				CLANG_WARN_DIRECT_OBJC_ISA_USAGE = YES_ERROR;
				CLANG_WARN_DOCUMENTATION_COMMENTS = YES;
				CLANG_WARN_EMPTY_BODY = YES;
				CLANG_WARN_ENUM_CONVERSION = YES;
				CLANG_WARN_INFINITE_RECURSION = YES;
				CLANG_WARN_INT_CONVERSION = YES;
				CLANG_WARN_NON_LITERAL_NULL_CONVERSION = YES;
				CLANG_WARN_OBJC_IMPLICIT_RETAIN_SELF = YES;
				CLANG_WARN_OBJC_LITERAL_CONVERSION = YES;
				CLANG_WARN_OBJC_ROOT_CLASS = YES_ERROR;
				CLANG_WARN_RANGE_LOOP_ANALYSIS = YES;
				CLANG_WARN_STRICT_PROTOTYPES = YES;
				CLANG_WARN_SUSPICIOUS_MOVE = YES;
				CLANG_WARN_UNGUARDED_AVAILABILITY = YES_AGGRESSIVE;
				CLANG_WARN_UNREACHABLE_CODE = YES;
				CLANG_WARN__DUPLICATE_METHOD_MATCH = YES;
				CODE_SIGN_IDENTITY = "iPhone Developer";
				COPY_PHASE_STRIP = NO;
				DEBUG_INFORMATION_FORMAT = "dwarf-with-dsym";
				ENABLE_NS_ASSERTIONS = NO;
				ENABLE_STRICT_OBJC_MSGSEND = YES;
				GCC_C_LANGUAGE_STANDARD = gnu11;
				GCC_NO_COMMON_BLOCKS = YES;
				GCC_WARN_64_TO_32_BIT_CONVERSION = YES;
				GCC_WARN_ABOUT_RETURN_TYPE = YES_ERROR;
				GCC_WARN_UNDECLARED_SELECTOR = YES;
				GCC_WARN_UNINITIALIZED_AUTOS = YES_AGGRESSIVE;
				GCC_WARN_UNUSED_FUNCTION = YES;
				GCC_WARN_UNUSED_VARIABLE = YES;
				IPHONEOS_DEPLOYMENT_TARGET = 12.1;
				MTL_ENABLE_DEBUG_INFO = NO;
				MTL_FAST_MATH = YES;
				SDKROOT = iphoneos;
				VALIDATE_PRODUCT = YES;
			};
			name = Release;
		};
		481D3A1721C099D80031B456 /* Debug */ = {
			isa = XCBuildConfiguration;
			baseConfigurationReference = FCC0F1021C15E615164BF659 /* Pods-StoryBoardStudy.debug.xcconfig */;
			buildSettings = {
				ASSETCATALOG_COMPILER_APPICON_NAME = AppIcon;
				CODE_SIGN_STYLE = Automatic;
				DEVELOPMENT_TEAM = AM4SCA8N8G;
				ENABLE_BITCODE = NO;
				FRAMEWORK_SEARCH_PATHS = (
					"$(inherited)",
					"$(PROJECT_DIR)/StoryBoardStudy",
				);
				GCC_PREFIX_HEADER = "$(SRCROOT)/StoryBoardStudy/PrefixHeader.pch";
				INFOPLIST_FILE = StoryBoardStudy/Info.plist;
				IPHONEOS_DEPLOYMENT_TARGET = 9.0;
				LD_RUNPATH_SEARCH_PATHS = (
					"$(inherited)",
					"@executable_path/Frameworks",
				);
				LIBRARY_SEARCH_PATHS = (
					"$(inherited)",
					"$(PROJECT_DIR)/StoryBoardStudy/vender/FFmpeg4.0.2/lib",
				);
				OTHER_CFLAGS = "";
				PRODUCT_BUNDLE_IDENTIFIER = com.seaway.directbank.tieling;
				PRODUCT_NAME = "$(TARGET_NAME)";
				TARGETED_DEVICE_FAMILY = "1,2";
				VALID_ARCHS = "arm64 arm64e armv7 armv7s i386 x86";
			};
			name = Debug;
		};
		481D3A1821C099D80031B456 /* Release */ = {
			isa = XCBuildConfiguration;
			baseConfigurationReference = AA6E39158614E44934AC5A72 /* Pods-StoryBoardStudy.release.xcconfig */;
			buildSettings = {
				ASSETCATALOG_COMPILER_APPICON_NAME = AppIcon;
				CODE_SIGN_STYLE = Automatic;
				DEVELOPMENT_TEAM = AM4SCA8N8G;
				ENABLE_BITCODE = NO;
				FRAMEWORK_SEARCH_PATHS = (
					"$(inherited)",
					"$(PROJECT_DIR)/StoryBoardStudy",
				);
				GCC_PREFIX_HEADER = "$(SRCROOT)/StoryBoardStudy/PrefixHeader.pch";
				INFOPLIST_FILE = StoryBoardStudy/Info.plist;
				IPHONEOS_DEPLOYMENT_TARGET = 9.0;
				LD_RUNPATH_SEARCH_PATHS = (
					"$(inherited)",
					"@executable_path/Frameworks",
				);
				LIBRARY_SEARCH_PATHS = (
					"$(inherited)",
					"$(PROJECT_DIR)/StoryBoardStudy/vender/FFmpeg4.0.2/lib",
				);
				OTHER_CFLAGS = "";
				PRODUCT_BUNDLE_IDENTIFIER = com.seaway.directbank.tieling;
				PRODUCT_NAME = "$(TARGET_NAME)";
				TARGETED_DEVICE_FAMILY = "1,2";
				VALID_ARCHS = "arm64 arm64e armv7 armv7s i386 x86";
			};
			name = Release;
		};
/* End XCBuildConfiguration section */

/* Begin XCConfigurationList section */
		481D39FB21C099D70031B456 /* Build configuration list for PBXProject "StoryBoardStudy" */ = {
			isa = XCConfigurationList;
			buildConfigurations = (
				481D3A1421C099D80031B456 /* Debug */,
				481D3A1521C099D80031B456 /* Release */,
			);
			defaultConfigurationIsVisible = 0;
			defaultConfigurationName = Release;
		};
		481D3A1621C099D80031B456 /* Build configuration list for PBXNativeTarget "StoryBoardStudy" */ = {
			isa = XCConfigurationList;
			buildConfigurations = (
				481D3A1721C099D80031B456 /* Debug */,
				481D3A1821C099D80031B456 /* Release */,
			);
			defaultConfigurationIsVisible = 0;
			defaultConfigurationName = Release;
		};
/* End XCConfigurationList section */
	};
	rootObject = 481D39F821C099D70031B456 /* Project object */;
}
